version = 1
revision = 3
requires-python = "==3.12.*"

[[package]]
name = "annotated-doc"
version = "0.0.5"
source = { registry = "https://pypi.org/simple" }
sdist = { url = "https://files.pythonhosted.org/packages/5a/8e/38aa427ed5402449e226975b649c5dc73ccadfefeb95e6aecb8f8ea4b6b6/annotated_doc-0.0.5.tar.gz", hash = "sha256:c7e58ce09192557605d8bbd92836d7e1d520ac9580096042c0bfd197efacf1bb", size = 10758, upload-time = "2026-07-28T13:50:58.129Z" }
wheels = [
    { url = "https://files.pythonhosted.org/packages/3e/30/e900b21425a860e195f32e37657aa1f7c7f2b1bfb26f03ca209b90933c06/annotated_doc-0.0.5-py3-none-any.whl", hash = "sha256:117bac03a25ede5df5440e855b32d556049ca169ead221505badf432fed4b101", size = 5302, upload-time = "2026-07-28T13:50:57.239Z" },
]

[[package]]
name = "annotated-types"
version = "0.8.0"
source = { registry = "https://pypi.org/simple" }
sdist = { url = "https://files.pythonhosted.org/packages/5f/56/a8120250d128bed162cd73c76d45f6ef9991f3e068f62a8ee060afa3104a/annotated_types-0.8.0.tar.gz", hash = "sha256:13b2beaad985e05e2d6407ee4c4f35590b11f8d693a258a561055cac8f64cab7", size = 15893, upload-time = "2026-07-23T20:16:13.995Z" }
wheels = [
    { url = "https://files.pythonhosted.org/packages/99/91/8acff4f5e50511b911bbccb72b8628a49c68ce14148cd9f6431094859a90/annotated_types-0.8.0-py3-none-any.whl", hash = "sha256:f072f4d804ea359e4eaf198b1af7a8b0943881a87f31bb764f8bf219bb9419e0", size = 13427, upload-time = "2026-07-23T20:16:12.938Z" },
]

[[package]]
name = "anyio"
version = "4.15.1"
source = { registry = "https://pypi.org/simple" }
dependencies = [
    { name = "idna" },
    { name = "typing-extensions" },
]
sdist = { url = "https://files.pythonhosted.org/packages/a9/d2/f4d173e22df740bc37b1db102b386ba719b66e95b0f0d751f556b387e6d2/anyio-4.15.1.tar.gz", hash = "sha256:9f28306018cbd6d329e64a36d58256edff76dd996fe423bc957326e578b82a94", size = 276966, upload-time = "2026-09-05T10:42:39.44Z" }
wheels = [
    { url = "https://files.pythonhosted.org/packages/12/b8/4bd346e22b28902df4d651910f5242c28d84e4a5c2435ca5c3f797ed7e2e/anyio-4.15.1-py3-none-any.whl", hash = "sha256:6152fdbbf9a77fdec97731721bebf7c4c44f7c29b424b0065826173efc7ed101", size = 132079, upload-time = "2026-09-05T10:42:37.923Z" },
]

[[package]]
name = "attrs"
version = "26.1.0"
source = { registry = "https://pypi.org/simple" }
sdist = { url = "https://files.pythonhosted.org/packages/9a/8e/82a0fe20a541c03148528be8cac2408564a6c9a0cc7e9171802bc1d26985/attrs-26.1.0.tar.gz", hash = "sha256:d03ceb89cb322a8fd706d4fb91940737b6642aa36998fe130a9bc96c985eff32", size = 952055, upload-time = "2026-03-19T14:22:25.026Z" }
wheels = [
    { url = "https://files.pythonhosted.org/packages/64/b4/17d4b0b2a2dc85a6df63d1157e028ed19f90d4cd97c36717afef2bc2f395/attrs-26.1.0-py3-none-any.whl", hash = "sha256:c647aa4a12dfbad9333ca4e71fe62ddc36f4e63b2d260a37a8b83d2f043ac309", size = 67548, upload-time = "2026-03-19T14:22:23.645Z" },
]

[[package]]
name = "certifi"
version = "2026.7.22"
source = { registry = "https://pypi.org/simple" }
sdist = { url = "https://files.pythonhosted.org/packages/a3/c2/24167ea9858356b47a87a50d39908bfdb72ceeefe0041586e704e5376b3a/certifi-2026.7.22.tar.gz", hash = "sha256:741e2c3b351ddf169a738da9f2c048608ff7f2c5cc02f1ebc6b118bb090d5d55", size = 138112, upload-time = "2026-07-22T03:35:12.644Z" }
wheels = [
    { url = "https://files.pythonhosted.org/packages/0b/a7/71ac2cff56fec219ed242bb11b8efb69fcc4bec75db06fb7bfe35de520e6/certifi-2026.7.22-py3-none-any.whl", hash = "sha256:62f22742b58a1a33014a2b6b706588a8d7e2a88ae7bd1a6ebe8c992928483775", size = 136983, upload-time = "2026-07-22T03:35:11.276Z" },
]

[[package]]
name = "click"
version = "8.5.0"
source = { registry = "https://pypi.org/simple" }
sdist = { url = "https://files.pythonhosted.org/packages/c7/0e/7fa0ef50764b67090eca4114772a2abf8b6148198475e54c660b97caeee6/click-8.5.0.tar.gz", hash = "sha256:ba0d2089de75ea0310e2dde03160e6ca10009947fb95a182f9b54021bb272e34", size = 382235, upload-time = "2026-08-26T13:33:14.56Z" }
wheels = [
    { url = "https://files.pythonhosted.org/packages/58/50/6c0d534c5f134586a8e1ba4e330569e32f057e33372ae556463212fb4cd3/click-8.5.0-py3-none-any.whl", hash = "sha256:255bc9599cf7748b4b1a446ccc735421bd08a2ae529a8b88597d3de5664ee360", size = 125251, upload-time = "2026-08-26T13:33:12.928Z" },
]

[[package]]
name = "colorama"
version = "0.4.6"
source = { registry = "https://pypi.org/simple" }
sdist = { url = "https://files.pythonhosted.org/packages/d8/53/6f443c9a4a8358a93a6792e2acffb9d9d5cb0a5cfd8802644b7b1c9a02e4/colorama-0.4.6.tar.gz", hash = "sha256:08695f5cb7ed6e0531a20572697297273c47b8cae5a63ffc6d6ed5c201be6e44", size = 27697, upload-time = "2022-10-25T02:36:22.414Z" }
wheels = [
    { url = "https://files.pythonhosted.org/packages/d1/d6/3965ed04c63042e047cb6a3e6ed1a63a35087b6a609aa3a15ed8ac56c221/colorama-0.4.6-py2.py3-none-any.whl", hash = "sha256:4f1d9991f5acc0ca119f9d443620b77f9d6b33703e51011c16baf57afb285fc6", size = 25335, upload-time = "2022-10-25T02:36:20.889Z" },
]

[[package]]
name = "fastapi"
version = "0.142.4"
source = { registry = "https://pypi.org/simple" }
dependencies = [
    { name = "annotated-doc" },
    { name = "opentelemetry-api" },
    { name = "pydantic" },
    { name = "starlette" },
    { name = "typing-extensions" },
    { name = "typing-inspection" },
]
sdist = { url = "https://files.pythonhosted.org/packages/b8/2c/d69ce63c27bf9c5e574ab425118390102924503b4b3cdf33c07a69744dd2/fastapi-0.142.4.tar.gz", hash = "sha256:7fe2e254a0a948b88f432b02b8f627463285248233bba0998ed9640191e2ff57", size = 467841, upload-time = "2026-10-07T21:22:13.046Z" }
wheels = [
    { url = "https://files.pythonhosted.org/packages/75/6a/c3e85c05b2ec12e9d352b6f1700e29e0fb3f0fff2511b9c44cdf8837577d/fastapi-0.142.4-py3-none-any.whl", hash = "sha256:8a651aa071a9f92c8217cca1d0b044bf9c326f336578be0a728a1a1f22ec52d2", size = 144456, upload-time = "2026-10-07T21:22:11.386Z" },
]

[[package]]
name = "h11"
version = "0.16.0"
source = { registry = "https://pypi.org/simple" }
sdist = { url = "https://files.pythonhosted.org/packages/01/ee/02a2c011bdab74c6fb3c75474d40b3052059d95df7e73351460c8588d963/h11-0.16.0.tar.gz", hash = "sha256:4e35b956cf45792e4caa5885e69fba00bdbc6ffafbfa020300e549b208ee5ff1", size = 101250, upload-time = "2025-04-24T03:35:25.427Z" }
wheels = [
    { url = "https://files.pythonhosted.org/packages/04/4b/29cac41a4d98d144bf5f6d33995617b185d14b22401f75ca86f384e87ff1/h11-0.16.0-py3-none-any.whl", hash = "sha256:63cf8bbe7522de3bf65932fda1d9c2772064ffb3dae62d55932da54b31cb6c86", size = 37515, upload-time = "2025-04-24T03:35:24.344Z" },
]

[[package]]
name = "httpcore"
version = "1.0.9"
source = { registry = "https://pypi.org/simple" }
dependencies = [
    { name = "certifi" },
    { name = "h11" },
]
sdist = { url = "https://files.pythonhosted.org/packages/06/94/82699a10bca87a5556c9c59b5963f2d039dbd239f25bc2a63907a05a14cb/httpcore-1.0.9.tar.gz", hash = "sha256:6e34463af53fd2ab5d807f399a9b45ea31c3dfa2276f15a2c3f00afff6e176e8", size = 85484, upload-time = "2025-04-24T22:06:22.219Z" }
wheels = [
    { url = "https://files.pythonhosted.org/packages/7e/f5/f66802a942d491edb555dd61e3a9961140fd64c90bce1eafd741609d334d/httpcore-1.0.9-py3-none-any.whl", hash = "sha256:2d400746a40668fc9dec9810239072b40b4484b640a8c38fd654a024c7a1bf55", size = 78784, upload-time = "2025-04-24T22:06:20.566Z" },
]

[[package]]
name = "httpx"
version = "0.28.1"
source = { registry = "https://pypi.org/simple" }
dependencies = [
    { name = "anyio" },
    { name = "certifi" },
    { name = "httpcore" },
    { name = "idna" },
]
sdist = { url = "https://files.pythonhosted.org/packages/b1/df/48c586a5fe32a0f01324ee087459e112ebb7224f646c0b5023f5e79e9956/httpx-0.28.1.tar.gz", hash = "sha256:75e98c5f16b0f35b567856f597f06ff2270a374470a5c2392242528e3e3e42fc", size = 141406, upload-time = "2024-12-06T15:37:23.222Z" }
wheels = [
    { url = "https://files.pythonhosted.org/packages/2a/39/e50c7c3a983047577ee07d2a9e53faf5a69493943ec3f6a384bdc792deb2/httpx-0.28.1-py3-none-any.whl", hash = "sha256:d909fcccc110f8c7faf814ca82a9a4d816bc5a6dbfea25d6591d6985b8ba59ad", size = 73517, upload-time = "2024-12-06T15:37:21.509Z" },
]

[[package]]
name = "idna"
version = "3.20"
source = { registry = "https://pypi.org/simple" }
sdist = { url = "https://files.pythonhosted.org/packages/f5/08/8eea9d4b8302028f3abb2c0813953f7aec26d33b7a8960ed760e65ff29fa/idna-3.20.tar.gz", hash = "sha256:a7db850025b95ded1eae8a46181a1a6c56c92c96f0e2b005d9ff8dc0210cab44", size = 216463, upload-time = "2026-09-17T14:11:04.752Z" }
wheels = [
    { url = "https://files.pythonhosted.org/packages/58/a2/bb081bab032533a855d44de1d56f8e8426114ff1ba5d1f07a438a0a654f8/idna-3.20-py3-none-any.whl", hash = "sha256:ab7ae7122974553370f0bdb919e1a960b2cd1bc1ef0276416d896db81c14582c", size = 69583, upload-time = "2026-09-17T14:11:03.168Z" },
]

[[package]]
name = "iniconfig"
version = "2.3.1"
source = { registry = "https://pypi.org/simple" }
sdist = { url = "https://files.pythonhosted.org/packages/01/e1/2069291243c926a2ff1cd706c7f3eeb9b62144bf60f77c9fb9ff2fb26bd3/iniconfig-2.3.1.tar.gz", hash = "sha256:67f4b9c50da0dedf52af349e7749a80a9057a5031199791b906c3bb3ae878960", size = 21209, upload-time = "2026-10-06T22:48:38.076Z" }
wheels = [
    { url = "https://files.pythonhosted.org/packages/56/43/4ca9e49d27a1fcf6bece6f6aec0ea46bb9112489b93d4b688fb415457bdb/iniconfig-2.3.1-py3-none-any.whl", hash = "sha256:9121e2c1fdb355232495be3194c8dfe87ccc2d5dee45947b78e68f499790d7a7", size = 7552, upload-time = "2026-10-06T22:48:36.959Z" },
]

[[package]]
name = "jsonschema"
version = "4.26.0"
source = { registry = "https://pypi.org/simple" }
dependencies = [
    { name = "attrs" },
    { name = "jsonschema-specifications" },
    { name = "referencing" },
    { name = "rpds-py" },
]
sdist = { url = "https://files.pythonhosted.org/packages/b3/fc/e067678238fa451312d4c62bf6e6cf5ec56375422aee02f9cb5f909b3047/jsonschema-4.26.0.tar.gz", hash = "sha256:0c26707e2efad8aa1bfc5b7ce170f3fccc2e4918ff85989ba9ffa9facb2be326", size = 366583, upload-time = "2026-01-07T13:41:07.246Z" }
wheels = [
    { url = "https://files.pythonhosted.org/packages/69/90/f63fb5873511e014207a475e2bb4e8b2e570d655b00ac19a9a0ca0a385ee/jsonschema-4.26.0-py3-none-any.whl", hash = "sha256:d489f15263b8d200f8387e64b4c3a75f06629559fb73deb8fdfb525f2dab50ce", size = 90630, upload-time = "2026-01-07T13:41:05.306Z" },
]

[[package]]
name = "jsonschema-specifications"
version = "2025.9.1"
source = { registry = "https://pypi.org/simple" }
dependencies = [
    { name = "referencing" },
]
sdist = { url = "https://files.pythonhosted.org/packages/19/74/a633ee74eb36c44aa6d1095e7cc5569bebf04342ee146178e2d36600708b/jsonschema_specifications-2025.9.1.tar.gz", hash = "sha256:b540987f239e745613c7a9176f3edb72b832a4ac465cf02712288397832b5e8d", size = 32855, upload-time = "2025-09-08T01:34:59.186Z" }
wheels = [
    { url = "https://files.pythonhosted.org/packages/41/45/1a4ed80516f02155c51f51e8cedb3c1902296743db0bbc66608a0db2814f/jsonschema_specifications-2025.9.1-py3-none-any.whl", hash = "sha256:98802fee3a11ee76ecaca44429fda8a41bff98b00a0f2838151b113f210cc6fe", size = 18437, upload-time = "2025-09-08T01:34:57.871Z" },
]

[[package]]
name = "opentelemetry-api"
version = "1.45.1"
source = { registry = "https://pypi.org/simple" }
dependencies = [
    { name = "typing-extensions" },
]
sdist = { url = "https://files.pythonhosted.org/packages/2e/02/6e0ae9cc61bd3169d401077b507b3ebc344745171e1051ab430be012dcd9/opentelemetry_api-1.45.1.tar.gz", hash = "sha256:aa38ed19bcc084ba42782a73255b3582283eced7ad6dddbd6695189e69adfb75", size = 72804, upload-time = "2026-10-06T17:32:58.133Z" }
wheels = [
    { url = "https://files.pythonhosted.org/packages/1e/41/f7dcf80b81ee8e71c1a2b59f14208bc723edbd89ed027a73b175abf6348e/opentelemetry_api-1.45.1-py3-none-any.whl", hash = "sha256:b31553efa588ae44bc306f863c785c5333a9ecc091248c6ee68b4b6c87fdedfb", size = 60256, upload-time = "2026-10-06T17:32:33.506Z" },
]

[[package]]
name = "packaging"
version = "26.3"
source = { registry = "https://pypi.org/simple" }
sdist = { url = "https://files.pythonhosted.org/packages/7d/fa/3944b40b07da9ce895c0e6303a5ab7d53da063554f534556b134a54d6093/packaging-26.3.tar.gz", hash = "sha256:94edc256424af38762eb31306eed28beb9f0efc50a8837492c9d6fd6004aed79", size = 313412, upload-time = "2026-08-04T18:15:28.737Z" }
wheels = [
    { url = "https://files.pythonhosted.org/packages/63/34/ba1c580383c9eada3711951fef0795c80b829a078d72188184bcab9dd527/packaging-26.3-py3-none-any.whl", hash = "sha256:d7193f7c8e4e93f444fde0262bf90af30e16fa0ad0ad44cb553c87339b23cd1c", size = 129956, upload-time = "2026-08-04T18:15:27.159Z" },
]

[[package]]
name = "pluggy"
version = "1.6.0"
source = { registry = "https://pypi.org/simple" }
sdist = { url = "https://files.pythonhosted.org/packages/f9/e2/3e91f31a7d2b083fe6ef3fa267035b518369d9511ffab804f839851d2779/pluggy-1.6.0.tar.gz", hash = "sha256:7dcc130b76258d33b90f61b658791dede3486c3e6bfb003ee5c9bfb396dd22f3", size = 69412, upload-time = "2025-05-15T12:30:07.975Z" }
wheels = [
    { url = "https://files.pythonhosted.org/packages/54/20/4d324d65cc6d9205fabedc306948156824eb9f0ee1633355a8f7ec5c66bf/pluggy-1.6.0-py3-none-any.whl", hash = "sha256:e920276dd6813095e9377c0bc5566d94c932c33b27a3e3945d8389c374dd4746", size = 20538, upload-time = "2025-05-15T12:30:06.134Z" },
]

[[package]]
name = "pydantic"
version = "2.13.5"
source = { registry = "https://pypi.org/simple" }
dependencies = [
    { name = "annotated-types" },
    { name = "pydantic-core" },
    { name = "typing-extensions" },
    { name = "typing-inspection" },
]
sdist = { url = "https://files.pythonhosted.org/packages/53/ef/fc4f868f4e2cee79f863883abffceff107875f569b848507319842d2a681/pydantic-2.13.5.tar.gz", hash = "sha256:51a9c5f7b2f8e636f04c6cada605d9b6a3bf1348fdf945a3d8869b19bba0ee08", size = 845750, upload-time = "2026-08-28T14:04:00.916Z" }
wheels = [
    { url = "https://files.pythonhosted.org/packages/eb/47/c95ffc2009878c7aac0c5e08528022dcb885933252a88b5f170058014464/pydantic-2.13.5-py3-none-any.whl", hash = "sha256:346a034f080da3755d8e9cb5e00e8b07de1d39e4f6e2c87d8ab7cafa0b269a73", size = 472589, upload-time = "2026-08-28T14:03:59.136Z" },
]

[[package]]
name = "pydantic-core"
version = "2.46.5"
source = { registry = "https://pypi.org/simple" }
dependencies = [
    { name = "typing-extensions" },
]
sdist = { url = "https://files.pythonhosted.org/packages/af/f9/8a06bea35ef8daf588f707784c973a7046e0034c8d8cfb08828eeffb8b75/pydantic_core-2.46.5.tar.gz", hash = "sha256:10416c15b8839ecc4ef4d0885da76da6fd0f67333a0eb8aff6d93c4b8f2910fc", size = 472262, upload-time = "2026-08-28T10:01:31.677Z" }
wheels = [
    { url = "https://files.pythonhosted.org/packages/82/3f/76358795aa7a8c6d4f36e2cb828ad1c90ee118e1393a9281664f5aade9d4/pydantic_core-2.46.5-cp312-cp312-macosx_10_12_x86_64.whl", hash = "sha256:b9fe6fb92520e3fd61f2e49000b6911b188824f089b75973ea06d6267f0b476d", size = 2076516, upload-time = "2026-08-28T09:58:21.576Z" },
    { url = "https://files.pythonhosted.org/packages/db/50/26b091836076ce4cb2fac264186936acc069e0595772cfd02a563bc4761a/pydantic_core-2.46.5-cp312-cp312-macosx_11_0_arm64.whl", hash = "sha256:a39ac25a9a2fa4072efdb429833c4a4c8009a51ff9eea3eeae131713cd27991e", size = 1922874, upload-time = "2026-08-28T09:58:23.766Z" },
    { url = "https://files.pythonhosted.org/packages/09/f0/2a8ce3849e299d44e2d2c196b6082643a3235565a735cb51db7a6261f614/pydantic_core-2.46.5-cp312-cp312-manylinux_2_17_aarch64.manylinux2014_aarch64.whl", hash = "sha256:4fdc8b93a41521988916eeaa271173fcca7fa0803d62f87675aac8dcec1c8e29", size = 1951772, upload-time = "2026-08-28T09:58:25.435Z" },
    { url = "https://files.pythonhosted.org/packages/87/46/ac0dc8bdd9e6048183a14eb127764e7ad9240021c17513074a4711b0e31e/pydantic_core-2.46.5-cp312-cp312-manylinux_2_17_armv7l.manylinux2014_armv7l.whl", hash = "sha256:b98134087d9de723658d17a42c7d0da8d6e2ef08015dee7dc93889047315f5e4", size = 2031832, upload-time = "2026-08-28T09:58:27.102Z" },
    { url = "https://files.pythonhosted.org/packages/c4/c2/339de5bef7be36301a2231eaa52e62163742c2281f11b5f4892bc79785cd/pydantic_core-2.46.5-cp312-cp312-manylinux_2_17_ppc64le.manylinux2014_ppc64le.whl", hash = "sha256:e652ab17569c94bff5475520f907b7148b8c24036a8ebbe5cf7cf7493d28579a", size = 2208645, upload-time = "2026-08-28T09:58:28.948Z" },
    { url = "https://files.pythonhosted.org/packages/7b/a0/9ff22b797724262da14427abaed4dd1d864a139693fc5e7809114376a716/pydantic_core-2.46.5-cp312-cp312-manylinux_2_17_s390x.manylinux2014_s390x.whl", hash = "sha256:d925f3d9afd05a8c0fb3a1031463a8d59ebe5e2afad297e29c78be19e13b4e62", size = 2265935, upload-time = "2026-08-28T09:58:30.625Z" },
    { url = "https://files.pythonhosted.org/packages/c0/a4/eb9409ec0736e50aa70a412f16c204ed149516846912f7e6724d4c73ee53/pydantic_core-2.46.5-cp312-cp312-manylinux_2_17_x86_64.manylinux2014_x86_64.whl", hash = "sha256:0fc5be0abd4a407e200d844b404e33639a554e7bd0d448e7b9ae181be4789ac2", size = 2066284, upload-time = "2026-08-28T09:58:32.289Z" },
    { url = "https://files.pythonhosted.org/packages/c0/02/7f6156ffc926857f1c37c07d9a388682865a81830ab6a1b637082c25e399/pydantic_core-2.46.5-cp312-cp312-manylinux_2_31_riscv64.whl", hash = "sha256:816ff0a6550ffc06c098ccd2e0698600f9aa7da192a79eaa6f9af504a35db869", size = 2105889, upload-time = "2026-08-28T09:58:33.986Z" },
    { url = "https://files.pythonhosted.org/packages/92/b1/e781d357ebe09fc929f995700f1b3503e8897f1cece183ecb1300d4d67e9/pydantic_core-2.46.5-cp312-cp312-manylinux_2_5_i686.manylinux1_i686.whl", hash = "sha256:c7ea57fc63aa7da93a1bd2d644e6577befae10c52c4e36377635eea1056a74f5", size = 2158006, upload-time = "2026-08-28T09:58:35.647Z" },
    { url = "https://files.pythonhosted.org/packages/70/0a/644597d84ab400e50609c192120b85c9681c22d3a20461b9060a79be0a7a/pydantic_core-2.46.5-cp312-cp312-musllinux_1_1_aarch64.whl", hash = "sha256:efd62a42486f1bda5d24cb4f63d15a3c7768375fe83d36f9417b4ad7a2fb20b3", size = 2158408, upload-time = "2026-08-28T09:58:37.38Z" },
    { url = "https://files.pythonhosted.org/packages/1e/ee/ca3b7b3a4b3769ffe9ce9432a7c9be755de9593a46d3b0d54d0409323e44/pydantic_core-2.46.5-cp312-cp312-musllinux_1_1_armv7l.whl", hash = "sha256:2bc9419666990c06d7397831f2126a1ecc3594aaa3ff7de5bf2d066802f4e07b", size = 2309609, upload-time = "2026-08-28T09:58:39.22Z" },
    { url = "https://files.pythonhosted.org/packages/ce/52/39fa1f451486019524ca685020390e7ca351832fd874530ba30c8628e6dc/pydantic_core-2.46.5-cp312-cp312-musllinux_1_1_x86_64.whl", hash = "sha256:18a09e1e1011b462f2e32774f25859ef1223d5c2b0546a633cf56654710721e0", size = 2342618, upload-time = "2026-08-28T09:58:40.89Z" },
    { url = "https://files.pythonhosted.org/packages/81/5e/468fc630568c61dcef3cd47ad32ffbeed9af643f49208d1ea86ab4f890c4/pydantic_core-2.46.5-cp312-cp312-win32.whl", hash = "sha256:5cb482e9e84c851f4e623fe4acc1ced89168cf1fe18f7089db4548c8f5bbb65b", size = 1939475, upload-time = "2026-08-28T09:58:42.591Z" },
    { url = "https://files.pythonhosted.org/packages/cf/c9/4c19f41b84cf6b622a72fbeed7665b25d47a187d68d47d0d430c07f23268/pydantic_core-2.46.5-cp312-cp312-win_amd64.whl", hash = "sha256:5e81740c09e310f5aa5cbd3e434a01c154d4bef93241c7877b39f211d2b78ba8", size = 2043140, upload-time = "2026-08-28T09:58:44.272Z" },
    { url = "https://files.pythonhosted.org/packages/af/dd/0c1a050299147c746e5256db16d645ab5efd4f78c59937d581a0524e74a2/pydantic_core-2.46.5-cp312-cp312-win_arm64.whl", hash = "sha256:f7b0ec93a2893de856652154d73b7ba622f26fa97726487dcac373de5f4c6084", size = 1997729, upload-time = "2026-08-28T09:58:46.13Z" },
    { url = "https://files.pythonhosted.org/packages/df/dd/053c2e4303f791f3b8f8a14ab0b22008e8eb21d868c0c90b4f9be705b76a/pydantic_core-2.46.5-graalpy312-graalpy250_312_native-macosx_10_12_x86_64.whl", hash = "sha256:013d6f3483d81e02e7c328831808f336c8596ee33b4bd4026b9ffb1e960b8942", size = 2062540, upload-time = "2026-08-28T10:01:00.318Z" },
    { url = "https://files.pythonhosted.org/packages/d7/dd/a18df751a5e37dd51bfad7f68e766999125bebe68c9e1d10a493ad01bd63/pydantic_core-2.46.5-graalpy312-graalpy250_312_native-macosx_11_0_arm64.whl", hash = "sha256:e9c134bb666dd54b778b9fc0d2b50cbb7f979b9e3716f26a88c9ab3b6fc1dd0f", size = 1902040, upload-time = "2026-08-28T10:01:02.529Z" },
    { url = "https://files.pythonhosted.org/packages/b7/13/01d40f9d07ce8a779fd6e0bd8ad4fba91309500dd67b869e2e219d261a6d/pydantic_core-2.46.5-graalpy312-graalpy250_312_native-manylinux_2_17_aarch64.manylinux2014_aarch64.whl", hash = "sha256:347ec774390c87326a2e4929d58d3f7e8763a104d5d35f4cd595a4c952366433", size = 1967479, upload-time = "2026-08-28T10:01:05.004Z" },
    { url = "https://files.pythonhosted.org/packages/fa/04/c81d4841331c2178b6fb09ae225425e110ed72d990c9fe556c4ec03d1013/pydantic_core-2.46.5-graalpy312-graalpy250_312_native-manylinux_2_17_x86_64.manylinux2014_x86_64.whl", hash = "sha256:8e24d8f05fa2d28513d94e877e9c75ad66175376209b3977f916e240e623193c", size = 2111034, upload-time = "2026-08-28T10:01:07.345Z" },
]

[[package]]
name = "pygments"
version = "2.21.0"
source = { registry = "https://pypi.org/simple" }
sdist = { url = "https://files.pythonhosted.org/packages/49/2e/ced460408999b33da6b31b0021b0f37d329e202d4169aeb164493778f25b/pygments-2.21.0.tar.gz", hash = "sha256:610ca751c9bc2492b38eb9a38a7fbc93edbbb2d7182edaf34e66ae493dee5c8c", size = 5005329, upload-time = "2026-08-17T08:02:48.824Z" }
wheels = [
    { url = "https://files.pythonhosted.org/packages/71/46/17f022dd3e953bf20a04a028a21ec746d942f8d2af30fa0f124fa0e6a684/pygments-2.21.0-py3-none-any.whl", hash = "sha256:2363c69b61c4a97c838da3b130dcd6468f4848992b21a82f2a63ec34377137d9", size = 1250147, upload-time = "2026-08-17T08:02:44.912Z" },
]

[[package]]
name = "pytest"
version = "9.1.1"
source = { registry = "https://pypi.org/simple" }
dependencies = [
    { name = "colorama", marker = "sys_platform == 'win32'" },
    { name = "iniconfig" },
    { name = "packaging" },
    { name = "pluggy" },
    { name = "pygments" },
]
sdist = { url = "https://files.pythonhosted.org/packages/e4/47/b9efed96c114afcfa3c9d3fe98a76a1d14c74a9e266d397cf6eb64be5e01/pytest-9.1.1.tar.gz", hash = "sha256:1088fbde8f2b49d95a549a195707afa7a76a3ce9bcadc26b6d71f0ffda5fe313", size = 1636369, upload-time = "2026-06-19T10:58:32.857Z" }
wheels = [
    { url = "https://files.pythonhosted.org/packages/24/25/1de2678b631f5a49215c6c96fff41ba892b0a34df68d6d80292b1b48aa7f/pytest-9.1.1-py3-none-any.whl", hash = "sha256:37a86b45efb9a47a61a36449063e8e18d0cab3161329fc099eb21783169c4f0c", size = 386536, upload-time = "2026-06-19T10:58:31.347Z" },
]

[[package]]
name = "pytest-asyncio"
version = "1.4.0"
source = { registry = "https://pypi.org/simple" }
dependencies = [
    { name = "pytest" },
    { name = "typing-extensions" },
]
sdist = { url = "https://files.pythonhosted.org/packages/43/7c/d36d04db312ecf4298932ef77e6e4a9e8ad017906e24e34f0b0c361a2473/pytest_asyncio-1.4.0.tar.gz", hash = "sha256:c6c0d2259945122819f171a32ecea2c349ead889ee28176caaf492143424be42", size = 58514, upload-time = "2026-05-26T09:56:04.083Z" }
wheels = [
    { url = "https://files.pythonhosted.org/packages/03/e2/08a497ef684b88559c9cc5f4ad53a37e7b99e727094a86d6ea32536d5d3c/pytest_asyncio-1.4.0-py3-none-any.whl", hash = "sha256:933ca923a23075a87fb7070c0ec272a6848489824d887c85c812670932835aa1", size = 16930, upload-time = "2026-05-26T09:56:02.576Z" },
]

[[package]]
name = "referencing"
version = "0.37.0"
source = { registry = "https://pypi.org/simple" }
dependencies = [
    { name = "attrs" },
    { name = "rpds-py" },
    { name = "typing-extensions" },
]
sdist = { url = "https://files.pythonhosted.org/packages/22/f5/df4e9027acead3ecc63e50fe1e36aca1523e1719559c499951bb4b53188f/referencing-0.37.0.tar.gz", hash = "sha256:44aefc3142c5b842538163acb373e24cce6632bd54bdb01b21ad5863489f50d8", size = 78036, upload-time = "2025-10-13T15:30:48.871Z" }
wheels = [
    { url = "https://files.pythonhosted.org/packages/2c/58/ca301544e1fa93ed4f80d724bf5b194f6e4b945841c5bfd555878eea9fcb/referencing-0.37.0-py3-none-any.whl", hash = "sha256:381329a9f99628c9069361716891d34ad94af76e461dcb0335825aecc7692231", size = 26766, upload-time = "2025-10-13T15:30:47.625Z" },
]

[[package]]
name = "rpds-py"
version = "2026.9.1"
source = { registry = "https://pypi.org/simple" }
sdist = { url = "https://files.pythonhosted.org/packages/42/68/3bd46b8a5e01d3c2ebdf9c5e9497912e3fe0cde02bac21a7130ca866e403/rpds_py-2026.9.1.tar.gz", hash = "sha256:4793ef7f78268b124b73fa933440f01d258bbae01de9fa53e9080c9ab0425a12", size = 63948, upload-time = "2026-10-04T16:32:36.469Z" }
wheels = [
    { url = "https://files.pythonhosted.org/packages/5d/34/a828586ea3329fbb50895b50e9cf98ca3d924a9f41a0b26d443bff1b3794/rpds_py-2026.9.1-cp312-cp312-macosx_10_12_x86_64.whl", hash = "sha256:50906f5aea24b5a865cbd0a589698288631d9f3a54c3a937c83aefa95a0d14af", size = 346822, upload-time = "2026-10-04T16:29:16.258Z" },
    { url = "https://files.pythonhosted.org/packages/90/81/ac6a0d064982251856ce009c9e1dd51a34110b3c055aa7d1aad18b4899a3/rpds_py-2026.9.1-cp312-cp312-macosx_11_0_arm64.whl", hash = "sha256:e21c1429e205828ea886a2293a4a2c8e01f4c25d9893ca330e97a6cf73f52e7b", size = 341380, upload-time = "2026-10-04T16:29:17.706Z" },
    { url = "https://files.pythonhosted.org/packages/42/ff/bf7d54f362748fd6a49277b9d6531c394074110fedf50ad791ec59133fbb/rpds_py-2026.9.1-cp312-cp312-manylinux_2_17_aarch64.manylinux2014_aarch64.whl", hash = "sha256:2693b2728bbcc48d09a981a356954b0c47c53ff25b545856f28a889ea619f69a", size = 373053, upload-time = "2026-10-04T16:29:19.063Z" },
    { url = "https://files.pythonhosted.org/packages/60/de/74b0ccdbbd28687b9b5fdb34c1cabed88352182facaced9d6f5486b8b9ed/rpds_py-2026.9.1-cp312-cp312-manylinux_2_17_armv7l.manylinux2014_armv7l.whl", hash = "sha256:8601470267d938bcb7f3ab1a336100af51a4fd5b6ed030ef52461bb3ef5e7e07", size = 377742, upload-time = "2026-10-04T16:29:20.543Z" },
    { url = "https://files.pythonhosted.org/packages/c2/6d/b979775a3057b2a5c26d75ecbff60a20a24ef081db6dd76836fca3f20247/rpds_py-2026.9.1-cp312-cp312-manylinux_2_17_ppc64le.manylinux2014_ppc64le.whl", hash = "sha256:3890a6aa36e6baa53d5258a2a25d3ef8b37ad165a6ab27a892d7c3e3a432cd69", size = 487289, upload-time = "2026-10-04T16:29:21.958Z" },
    { url = "https://files.pythonhosted.org/packages/1d/5d/7c34734ce3ece943d9d6ee0122a74a21bbc75b47acb5b7053c83f6efb1ed/rpds_py-2026.9.1-cp312-cp312-manylinux_2_17_s390x.manylinux2014_s390x.whl", hash = "sha256:6b5b393eda5ea42cca1c1a6665f2a4882b4fd5d1777e41ce0545a107fb008c9d", size = 390710, upload-time = "2026-10-04T16:29:23.378Z" },
    { url = "https://files.pythonhosted.org/packages/1d/6d/b26eb1e75395925b3a142ed351cbed2ec8212f5c9d937aee3df32c701baa/rpds_py-2026.9.1-cp312-cp312-manylinux_2_17_x86_64.manylinux2014_x86_64.whl", hash = "sha256:addeda51556dac7c1a2f14cda62db8b621cd12afba3091d03a96c72932387eab", size = 371261, upload-time = "2026-10-04T16:29:25.1Z" },
    { url = "https://files.pythonhosted.org/packages/7c/98/b2fdfe10301a9e27af21e634337fbba7baac0bc17fe44619a17c26bba2cb/rpds_py-2026.9.1-cp312-cp312-manylinux_2_31_riscv64.whl", hash = "sha256:d9edf30457d74eebfd76b045535e36f1cd89062566a128a0db2145ca042d787e", size = 376075, upload-time = "2026-10-04T16:29:26.748Z" },
    { url = "https://files.pythonhosted.org/packages/c5/b1/c4b8d954e49c3c69cf8063c0c9e0919c99f3d2cecc46311606a1cbe835dc/rpds_py-2026.9.1-cp312-cp312-manylinux_2_5_i686.manylinux1_i686.whl", hash = "sha256:815d26356930846a40c7bc1366e7b1b0320ab8a063e66c11298a208bed0fd237", size = 399358, upload-time = "2026-10-04T16:29:28.282Z" },
    { url = "https://files.pythonhosted.org/packages/b3/59/9559a7293c97dff0cbb293efffbd36644103883ecc27741af8ef90c84ca8/rpds_py-2026.9.1-cp312-cp312-musllinux_1_2_aarch64.whl", hash = "sha256:3b5a6f40f0a1486b4b36c888123afc67acdbd9f33235927acf5ff295429a0ba3", size = 550267, upload-time = "2026-10-04T16:29:29.851Z" },
    { url = "https://files.pythonhosted.org/packages/6c/9d/6dc60e49511de4c8b00e74f9c1d43aed4d27f712cdb1ade92f2c199cbf64/rpds_py-2026.9.1-cp312-cp312-musllinux_1_2_i686.whl", hash = "sha256:b5b8b0753718d258fd454283fbd57e14545d3b40583fa672e27cb4f987626bcc", size = 614018, upload-time = "2026-10-04T16:29:31.54Z" },
    { url = "https://files.pythonhosted.org/packages/fb/bc/92a4ecf27301b886232a413360f6b348a81d55ffef654f2ebda5970ebc3d/rpds_py-2026.9.1-cp312-cp312-musllinux_1_2_x86_64.whl", hash = "sha256:46d80bc76b51a6c24f9944368c28d38b8bcbcea1da4f2f8d3ebc31a67e8c6ec6", size = 578509, upload-time = "2026-10-04T16:29:33.01Z" },
    { url = "https://files.pythonhosted.org/packages/08/53/efb97f2e6589b7ab8394385a73870e0b2ab2a195281c117b21fd6d7d4855/rpds_py-2026.9.1-cp312-cp312-win32.whl", hash = "sha256:befc2d6a953e563f8a7bfd87a42c22ebf8a3e980dcb7b6a4d17b70b0e914e8a3", size = 205401, upload-time = "2026-10-04T16:29:34.451Z" },
    { url = "https://files.pythonhosted.org/packages/1c/84/1700cc748d0eaa747486e4e82882d2575224e6e9a3148df583058850c629/rpds_py-2026.9.1-cp312-cp312-win_amd64.whl", hash = "sha256:5ce8943f79c2210f7abcc28e86367b03b28d95027fd01c46d2472373ae70c86f", size = 222923, upload-time = "2026-10-04T16:29:35.709Z" },
    { url = "https://files.pythonhosted.org/packages/c3/89/0302215373c2f8b4408b0fdfee955368cc378a98ff59508d47a7e0dc2dbf/rpds_py-2026.9.1-cp312-cp312-win_arm64.whl", hash = "sha256:501909f2e4a1e2dee528ef766fe3c469060ebc17e54a8383d404ba07a81a6f02", size = 218415, upload-time = "2026-10-04T16:29:37.263Z" },
    { url = "https://files.pythonhosted.org/packages/a3/90/a9ba81408369d34c1aca73319c15adc91ed45c1d21e9e8ee4832ffb7fe0b/rpds_py-2026.9.1-pp312-pypy312_pp73-manylinux_2_17_aarch64.manylinux2014_aarch64.whl", hash = "sha256:6cdc537c8633d7fd92a82e2e0d2ab74320a3f63d5e59fb9cf08711e08fe151c4", size = 381109, upload-time = "2026-10-04T16:32:08.994Z" },
    { url = "https://files.pythonhosted.org/packages/b3/44/5192a0bed94cec86bd2a5e1cc5a1bb8f7eec3aec907eacd2deb13e87e326/rpds_py-2026.9.1-pp312-pypy312_pp73-manylinux_2_17_armv7l.manylinux2014_armv7l.whl", hash = "sha256:10e208f2425d973938afcd56e28a7c4be32e27b6a60b5d381f49fb9d8acf9759", size = 388222, upload-time = "2026-10-04T16:32:11.321Z" },
    { url = "https://files.pythonhosted.org/packages/92/cd/5356549711448f18b52f7a11ffbe90f1228774996fbf3c6cd1b18d22abaf/rpds_py-2026.9.1-pp312-pypy312_pp73-manylinux_2_17_ppc64le.manylinux2014_ppc64le.whl", hash = "sha256:6c0dbbcc19735fe5f8b0a54c07659d154a9e69f47e15d0a6ab7299215daf62cb", size = 500384, upload-time = "2026-10-04T16:32:13.478Z" },
    { url = "https://files.pythonhosted.org/packages/7a/88/ddda9d28adfe33119c75b2e733d4ba7e326f41d7e1b1093951771768ca48/rpds_py-2026.9.1-pp312-pypy312_pp73-manylinux_2_17_s390x.manylinux2014_s390x.whl", hash = "sha256:684fd492fff4fead00587544e059be2bbcb6f93454f21fa2a91b66fc7508be82", size = 401661, upload-time = "2026-10-04T16:32:15.653Z" },
    { url = "https://files.pythonhosted.org/packages/32/c3/bb59ba16a6b4a57995d15b8c04c00f28df3b938c4dcdde48fbe0f73edb0c/rpds_py-2026.9.1-pp312-pypy312_pp73-manylinux_2_17_x86_64.manylinux2014_x86_64.whl", hash = "sha256:d1028417bb44037eb3069c1009bd7b7277212876cda22fbe565b0bca9fab6d2c", size = 380748, upload-time = "2026-10-04T16:32:17.727Z" },
    { url = "https://files.pythonhosted.org/packages/f5/b8/0580faa1c5a32ddc160130dd7ae54d2d007272a89a40a6b5db3e50f9f585/rpds_py-2026.9.1-pp312-pypy312_pp73-manylinux_2_31_riscv64.whl", hash = "sha256:492e5e428cbe126221611f47e068f01660352feec4ad18bc0f5ea9b2ae88fb14", size = 385731, upload-time = "2026-10-04T16:32:19.855Z" },
    { url = "https://files.pythonhosted.org/packages/bf/70/f73564642bbe3322c7eeef2c2f258cf040b71c41a430b532e59d04a1b838/rpds_py-2026.9.1-pp312-pypy312_pp73-manylinux_2_5_i686.manylinux1_i686.whl", hash = "sha256:88b5268892fde430d5531f95bc560b6efbbd67c929662c586afd729a96e7461c", size = 412131, upload-time = "2026-10-04T16:32:22.285Z" },
    { url = "https://files.pythonhosted.org/packages/8c/5d/17fff2e1f8f68721a2afb5cb48f7e442c751bb6b4883157c5abaf618cd08/rpds_py-2026.9.1-pp312-pypy312_pp73-musllinux_1_2_aarch64.whl", hash = "sha256:01445c8d194aa032a08e944f16567672da1c62dbdbefd8b6d0693032e290cf68", size = 558193, upload-time = "2026-10-04T16:32:24.4Z" },
    { url = "https://files.pythonhosted.org/packages/2a/d0/869ab6fb08531f97aae4a780b4d61b4190d8aef48fe054ee28bcf7114466/rpds_py-2026.9.1-pp312-pypy312_pp73-musllinux_1_2_i686.whl", hash = "sha256:eef6a03b0b6d08d0835ccfa8ec8d1bc70525e3801387567137b50c557695e6da", size = 622448, upload-time = "2026-10-04T16:32:26.844Z" },
    { url = "https://files.pythonhosted.org/packages/ba/a5/9672e532fe02cd3b92c78cfd8743abca939d96853006c63835009a1ecb6f/rpds_py-2026.9.1-pp312-pypy312_pp73-musllinux_1_2_x86_64.whl", hash = "sha256:6b9bf3135b4ad5981df9a73d71a35272d650a2985ae9c2746357b24d59de2448", size = 591126, upload-time = "2026-10-04T16:32:29.274Z" },
    { url = "https://files.pythonhosted.org/packages/80/ef/3a9f8e4279c7920af561deed4cb7ebebed2794a8f608cf404d5eef14a105/rpds_py-2026.9.1-pp312-pypy312_pp80-macosx_10_12_x86_64.whl", hash = "sha256:56c6952a9b15047466d0c2347c446a761d4527f89976156341e68f0ce5cc08b0", size = 357108, upload-time = "2026-10-04T16:32:31.641Z" },
    { url = "https://files.pythonhosted.org/packages/b7/55/4b2fa381a583760aea5c92841e4e928a358e1c6511b129219e9c2826a226/rpds_py-2026.9.1-pp312-pypy312_pp80-macosx_11_0_arm64.whl", hash = "sha256:b242c27c8f836305a4a72df9cdd564386ac57b807bd252a063223331c9316b37", size = 346877, upload-time = "2026-10-04T16:32:34.061Z" },
]

[[package]]
name = "sirius-vision-lab"
version = "0.1.0"
source = { editable = "." }
dependencies = [
    { name = "fastapi" },
    { name = "httpx" },
    { name = "jsonschema" },
    { name = "uvicorn" },
]

[package.dev-dependencies]
dev = [
    { name = "pytest" },
    { name = "pytest-asyncio" },
]

[package.metadata]
requires-dist = [
    { name = "fastapi", specifier = ">=0.115,<1" },
    { name = "httpx", specifier = ">=0.28,<1" },
    { name = "jsonschema", specifier = ">=4.23,<5" },
    { name = "uvicorn", specifier = ">=0.34,<1" },
]

[package.metadata.requires-dev]
dev = [
    { name = "pytest", specifier = ">=8,<10" },
    { name = "pytest-asyncio", specifier = ">=0.25,<2" },
]

[[package]]
name = "starlette"
version = "1.7.0"
source = { registry = "https://pypi.org/simple" }
dependencies = [
    { name = "anyio" },
    { name = "typing-extensions" },
]
sdist = { url = "https://files.pythonhosted.org/packages/7b/2b/3850dc6bf7ef71b088962eba31dafc6cffd2f96e577ebb0bb316df96da3e/starlette-1.7.0.tar.gz", hash = "sha256:c79f74ea63cff761804fbbfb182f1e0b440c2d07b164d24700c5a1bab5d6ff5d", size = 2736246, upload-time = "2026-09-23T07:30:26.35Z" }
wheels = [
    { url = "https://files.pythonhosted.org/packages/4e/d6/1ec1b290f9e0fb067899b61e1d37a30c923068bad260b216dbe37a7d2967/starlette-1.7.0-py3-none-any.whl", hash = "sha256:67f8e99895493dd2911a03f11314af6ceebeae4e704bb9f43dfc6a9db151c93e", size = 78980, upload-time = "2026-09-23T07:30:24.567Z" },
]

[[package]]
name = "typing-extensions"
version = "4.16.0"
source = { registry = "https://pypi.org/simple" }
sdist = { url = "https://files.pythonhosted.org/packages/f6/cc/6253133b5bb138fc3306cebfbda2c520f545d36b5be2c7255cc528bb45d6/typing_extensions-4.16.0.tar.gz", hash = "sha256:dc983d19a509c94dba722ee6abd33940f7c05a89e243c47e907eb4db6f1a43e5", size = 113555, upload-time = "2026-07-02T08:40:05.92Z" }
wheels = [
    { url = "https://files.pythonhosted.org/packages/49/d3/b8441a820a491ddfc024b0b0cf0393375b75ea13866d9c66727e54c2fc80/typing_extensions-4.16.0-py3-none-any.whl", hash = "sha256:481caa481374e813c1b176ada14e97f1f67a4539ce9cfeb3f350d78d6370c2e8", size = 45571, upload-time = "2026-07-02T08:40:04.659Z" },
]

[[package]]
name = "typing-inspection"
version = "0.4.4"
source = { registry = "https://pypi.org/simple" }
dependencies = [
    { name = "typing-extensions" },
]
sdist = { url = "https://files.pythonhosted.org/packages/a3/26/b09b8010994eccc3c09092e6b34058f36a460eea2d4c3e8b910c695975a0/typing_inspection-0.4.4.tar.gz", hash = "sha256:547274fa6b0a561ccf549cc9524b999a578e737d015d8709d021f9d0d13bea47", size = 76928, upload-time = "2026-08-12T12:37:25.997Z" }
wheels = [
    { url = "https://files.pythonhosted.org/packages/67/81/4add07e5172b7ac40d8ed5ff580409a7801a4fe26d529bdd915401dabfbe/typing_inspection-0.4.4-py3-none-any.whl", hash = "sha256:65b8397ba37ccbce054456aaccddfc91e6e3083c92824df348d96ca832f3f147", size = 14750, upload-time = "2026-08-12T12:37:24.648Z" },
]

[[package]]
name = "uvicorn"
version = "0.54.0"
source = { registry = "https://pypi.org/simple" }
dependencies = [
    { name = "click" },
    { name = "h11" },
]
sdist = { url = "https://files.pythonhosted.org/packages/da/34/30e9280707135d2cfc589dfff3cb796bd07a3aeb1a3e415ba09dd89d7bb4/uvicorn-0.54.0.tar.gz", hash = "sha256:a2e33cbfaa0306f8e6b0c13e0cb89d7d7a2da3e62b90c66e18c33d9807b28620", size = 112283, upload-time = "2026-09-25T06:52:37.601Z" }
wheels = [
    { url = "https://files.pythonhosted.org/packages/38/0c/b54a4fdd7f90a3af8b02ebc9ce6712c2c208b7926a2f7bad95c33ebbe943/uvicorn-0.54.0-py3-none-any.whl", hash = "sha256:505bdb0f318731d45f1f712071fc781a8981f6847a31c902c9f5e652d4f67faf", size = 87427, upload-time = "2026-09-25T06:52:35.829Z" },
]
